
Microsoft Visual Studio Solution File, Format Version 12.00
# Visual Studio Version 17
VisualStudioVersion = 17.0.31903.59
MinimumVisualStudioVersion = 10.0.40219.1
Project("{FAE04EC0-301F-11D3-BF4B-00C04F79EFBC}") = "QuizApp.WebAPI", "QuizApp.WebAPI\QuizApp.WebAPI.csproj", "{4D2EBBBA-6DDD-4681-AB96-DE33D4395D69}"
EndProject
Project("{2150E333-8FDC-42A3-9474-1A3956D46DE8}") = "Appenddix", "Appenddix", "{EBC5C5F3-0652-2861-3025-1DB04453C4EC}"
	ProjectSection(SolutionItems) = preProject
		MigrationCommand.md = MigrationCommand.md
		PackageCommand.md = PackageCommand.md
		RunCommand.md = RunCommand.md
	EndProjectSection
EndProject
Global
	GlobalSection(SolutionConfigurationPlatforms) = preSolution
		Debug|Any CPU = Debug|Any CPU
		Release|Any CPU = Release|Any CPU
	EndGlobalSection
	GlobalSection(ProjectConfigurationPlatforms) = postSolution
		{4D2EBBBA-6DDD-4681-AB96-DE33D4395D69}.Debug|Any CPU.ActiveCfg = Debug|Any CPU
		{4D2EBBBA-6DDD-4681-AB96-DE33D4395D69}.Debug|Any CPU.Build.0 = Debug|Any CPU
		{4D2EBBBA-6DDD-4681-AB96-DE33D4395D69}.Release|Any CPU.ActiveCfg = Release|Any CPU
		{4D2EBBBA-6DDD-4681-AB96-DE33D4395D69}.Release|Any CPU.Build.0 = Release|Any CPU
	EndGlobalSection
	GlobalSection(SolutionProperties) = preSolution
		HideSolutionNode = FALSE
	EndGlobalSection
EndGlobal
